// !$*UTF8*$!
{
	archiveVersion = 1;
	classes = {
	};
	objectVersion = 52;
	objects = {

/* Begin PBXBuildFile section */
		2D43BDD8264E81E100BC77EF /* MoviesAppApp.swift in Sources */ = {isa = PBXBuildFile; fileRef = 2D43BDD7264E81E100BC77EF /* MoviesAppApp.swift */; };
		2D43BDDA264E81E100BC77EF /* ContentView.swift in Sources */ = {isa = PBXBuildFile; fileRef = 2D43BDD9264E81E100BC77EF /* ContentView.swift */; };
		2D43BDDC264E81E100BC77EF /* Assets.xcassets in Resources */ = {isa = PBXBuildFile; fileRef = 2D43BDDB264E81E100BC77EF /* Assets.xcassets */; };
		2D43BDDF264E81E100BC77EF /* Preview Assets.xcassets in Resources */ = {isa = PBXBuildFile; fileRef = 2D43BDDE264E81E100BC77EF /* Preview Assets.xcassets */; };
		2D43BDE7264FC9AB00BC77EF /* PupularMovies.swift in Sources */ = {isa = PBXBuildFile; fileRef = 2D43BDE6264FC9AB00BC77EF /* PupularMovies.swift */; };
		2D43BDE9264FCF1400BC77EF /* Constants.swift in Sources */ = {isa = PBXBuildFile; fileRef = 2D43BDE8264FCF1400BC77EF /* Constants.swift */; };
		2D43BDEB264FD23B00BC77EF /* PopularResult.swift in Sources */ = {isa = PBXBuildFile; fileRef = 2D43BDEA264FD23B00BC77EF /* PopularResult.swift */; };
		2D43BDF12651444400BC77EF /* Kingfisher in Frameworks */ = {isa = PBXBuildFile; productRef = 2D43BDF02651444400BC77EF /* Kingfisher */; };
		2D43BDF32652AA0E00BC77EF /* MoviesInTheater.swift in Sources */ = {isa = PBXBuildFile; fileRef = 2D43BDF22652AA0E00BC77EF /* MoviesInTheater.swift */; };
		2D43BDF62652BEF100BC77EF /* MovieGridLayout.swift in Sources */ = {isa = PBXBuildFile; fileRef = 2D43BDF52652BEF100BC77EF /* MovieGridLayout.swift */; };
		2D43BDF92652C03D00BC77EF /* PopularMoviesViewModel.swift in Sources */ = {isa = PBXBuildFile; fileRef = 2D43BDF82652C03D00BC77EF /* PopularMoviesViewModel.swift */; };
		2D43BDFB2652C09A00BC77EF /* InTheaterViewModel.swift in Sources */ = {isa = PBXBuildFile; fileRef = 2D43BDFA2652C09A00BC77EF /* InTheaterViewModel.swift */; };
		2D43BDFF2652C3DB00BC77EF /* MovieDetailsViewModel.swift in Sources */ = {isa = PBXBuildFile; fileRef = 2D43BDFE2652C3DB00BC77EF /* MovieDetailsViewModel.swift */; };
		2D43BE012652C65B00BC77EF /* MovieDetails.swift in Sources */ = {isa = PBXBuildFile; fileRef = 2D43BE002652C65B00BC77EF /* MovieDetails.swift */; };
		2DFA6C6D2652CB1100A30BFD /* MovieDetailsView.swift in Sources */ = {isa = PBXBuildFile; fileRef = 2DFA6C6C2652CB1100A30BFD /* MovieDetailsView.swift */; };
		2DFA6C6F265332A000A30BFD /* CheckFavorites.swift in Sources */ = {isa = PBXBuildFile; fileRef = 2DFA6C6E265332A000A30BFD /* CheckFavorites.swift */; };
/* End PBXBuildFile section */

/* Begin PBXFileReference section */
		2D43BDD4264E81E100BC77EF /* MoviesApp.app */ = {isa = PBXFileReference; explicitFileType = wrapper.application; includeInIndex = 0; path = MoviesApp.app; sourceTree = BUILT_PRODUCTS_DIR; };
		2D43BDD7264E81E100BC77EF /* MoviesAppApp.swift */ = {isa = PBXFileReference; lastKnownFileType = sourcecode.swift; path = MoviesAppApp.swift; sourceTree = "<group>"; };
		2D43BDD9264E81E100BC77EF /* ContentView.swift */ = {isa = PBXFileReference; lastKnownFileType = sourcecode.swift; path = ContentView.swift; sourceTree = "<group>"; };
		2D43BDDB264E81E100BC77EF /* Assets.xcassets */ = {isa = PBXFileReference; lastKnownFileType = folder.assetcatalog; path = Assets.xcassets; sourceTree = "<group>"; };
		2D43BDDE264E81E100BC77EF /* Preview Assets.xcassets */ = {isa = PBXFileReference; lastKnownFileType = folder.assetcatalog; path = "Preview Assets.xcassets"; sourceTree = "<group>"; };
		2D43BDE0264E81E100BC77EF /* Info.plist */ = {isa = PBXFileReference; lastKnownFileType = text.plist.xml; path = Info.plist; sourceTree = "<group>"; };
		2D43BDE6264FC9AB00BC77EF /* PupularMovies.swift */ = {isa = PBXFileReference; lastKnownFileType = sourcecode.swift; path = PupularMovies.swift; sourceTree = "<group>"; };
		2D43BDE8264FCF1400BC77EF /* Constants.swift */ = {isa = PBXFileReference; lastKnownFileType = sourcecode.swift; path = Constants.swift; sourceTree = "<group>"; };
		2D43BDEA264FD23B00BC77EF /* PopularResult.swift */ = {isa = PBXFileReference; lastKnownFileType = sourcecode.swift; path = PopularResult.swift; sourceTree = "<group>"; };
		2D43BDF22652AA0E00BC77EF /* MoviesInTheater.swift */ = {isa = PBXFileReference; lastKnownFileType = sourcecode.swift; path = MoviesInTheater.swift; sourceTree = "<group>"; };
		2D43BDF52652BEF100BC77EF /* MovieGridLayout.swift */ = {isa = PBXFileReference; lastKnownFileType = sourcecode.swift; path = MovieGridLayout.swift; sourceTree = "<group>"; };
		2D43BDF82652C03D00BC77EF /* PopularMoviesViewModel.swift */ = {isa = PBXFileReference; lastKnownFileType = sourcecode.swift; path = PopularMoviesViewModel.swift; sourceTree = "<group>"; };
		2D43BDFA2652C09A00BC77EF /* InTheaterViewModel.swift */ = {isa = PBXFileReference; lastKnownFileType = sourcecode.swift; path = InTheaterViewModel.swift; sourceTree = "<group>"; };
		2D43BDFE2652C3DB00BC77EF /* MovieDetailsViewModel.swift */ = {isa = PBXFileReference; lastKnownFileType = sourcecode.swift; path = MovieDetailsViewModel.swift; sourceTree = "<group>"; };
		2D43BE002652C65B00BC77EF /* MovieDetails.swift */ = {isa = PBXFileReference; lastKnownFileType = sourcecode.swift; path = MovieDetails.swift; sourceTree = "<group>"; };
		2DFA6C6C2652CB1100A30BFD /* MovieDetailsView.swift */ = {isa = PBXFileReference; lastKnownFileType = sourcecode.swift; path = MovieDetailsView.swift; sourceTree = "<group>"; };
		2DFA6C6E265332A000A30BFD /* CheckFavorites.swift */ = {isa = PBXFileReference; lastKnownFileType = sourcecode.swift; path = CheckFavorites.swift; sourceTree = "<group>"; };
/* End PBXFileReference section */

/* Begin PBXFrameworksBuildPhase section */
		2D43BDD1264E81E100BC77EF /* Frameworks */ = {
			isa = PBXFrameworksBuildPhase;
			buildActionMask = 2147483647;
			files = (
				2D43BDF12651444400BC77EF /* Kingfisher in Frameworks */,
			);
			runOnlyForDeploymentPostprocessing = 0;
		};
/* End PBXFrameworksBuildPhase section */

/* Begin PBXGroup section */
		2D43BDCB264E81E100BC77EF = {
			isa = PBXGroup;
			children = (
				2D43BDD6264E81E100BC77EF /* MoviesApp */,
				2D43BDD5264E81E100BC77EF /* Products */,
			);
			sourceTree = "<group>";
		};
		2D43BDD5264E81E100BC77EF /* Products */ = {
			isa = PBXGroup;
			children = (
				2D43BDD4264E81E100BC77EF /* MoviesApp.app */,
			);
			name = Products;
			sourceTree = "<group>";
		};
		2D43BDD6264E81E100BC77EF /* MoviesApp */ = {
			isa = PBXGroup;
			children = (
				2D43BDF72652BFFE00BC77EF /* ViewModels */,
				2D43BDD7264E81E100BC77EF /* MoviesAppApp.swift */,
				2D43BDEC264FD59500BC77EF /* Model */,
				2D43BDED264FD5AB00BC77EF /* View */,
				2D43BDDB264E81E100BC77EF /* Assets.xcassets */,
				2D43BDE0264E81E100BC77EF /* Info.plist */,
				2D43BDDD264E81E100BC77EF /* Preview Content */,
				2D43BDEE264FD5C900BC77EF /* Utils */,
			);
			path = MoviesApp;
			sourceTree = "<group>";
		};
		2D43BDDD264E81E100BC77EF /* Preview Content */ = {
			isa = PBXGroup;
			children = (
				2D43BDDE264E81E100BC77EF /* Preview Assets.xcassets */,
			);
			path = "Preview Content";
			sourceTree = "<group>";
		};
		2D43BDEC264FD59500BC77EF /* Model */ = {
			isa = PBXGroup;
			children = (
				2D43BDEA264FD23B00BC77EF /* PopularResult.swift */,
				2D43BE002652C65B00BC77EF /* MovieDetails.swift */,
			);
			path = Model;
			sourceTree = "<group>";
		};
		2D43BDED264FD5AB00BC77EF /* View */ = {
			isa = PBXGroup;
			children = (
				2D43BDF42652AA7400BC77EF /* Components */,
				2D43BDD9264E81E100BC77EF /* ContentView.swift */,
				2D43BDE6264FC9AB00BC77EF /* PupularMovies.swift */,
				2D43BDF22652AA0E00BC77EF /* MoviesInTheater.swift */,
				2DFA6C6C2652CB1100A30BFD /* MovieDetailsView.swift */,
			);
			path = View;
			sourceTree = "<group>";
		};
		2D43BDEE264FD5C900BC77EF /* Utils */ = {
			isa = PBXGroup;
			children = (
				2D43BDE8264FCF1400BC77EF /* Constants.swift */,
				2DFA6C6E265332A000A30BFD /* CheckFavorites.swift */,
			);
			path = Utils;
			sourceTree = "<group>";
		};
		2D43BDF42652AA7400BC77EF /* Components */ = {
			isa = PBXGroup;
			children = (
				2D43BDF52652BEF100BC77EF /* MovieGridLayout.swift */,
			);
			path = Components;
			sourceTree = "<group>";
		};
		2D43BDF72652BFFE00BC77EF /* ViewModels */ = {
			isa = PBXGroup;
			children = (
				2D43BDF82652C03D00BC77EF /* PopularMoviesViewModel.swift */,
				2D43BDFA2652C09A00BC77EF /* InTheaterViewModel.swift */,
				2D43BDFE2652C3DB00BC77EF /* MovieDetailsViewModel.swift */,
			);
			path = ViewModels;
			sourceTree = "<group>";
		};
/* End PBXGroup section */

/* Begin PBXNativeTarget section */
		2D43BDD3264E81E100BC77EF /* MoviesApp */ = {
			isa = PBXNativeTarget;
			buildConfigurationList = 2D43BDE3264E81E100BC77EF /* Build configuration list for PBXNativeTarget "MoviesApp" */;
			buildPhases = (
				2D43BDD0264E81E100BC77EF /* Sources */,
				2D43BDD1264E81E100BC77EF /* Frameworks */,
				2D43BDD2264E81E100BC77EF /* Resources */,
			);
			buildRules = (
			);
			dependencies = (
			);
			name = MoviesApp;
			packageProductDependencies = (
				2D43BDF02651444400BC77EF /* Kingfisher */,
			);
			productName = MoviesApp;
			productReference = 2D43BDD4264E81E100BC77EF /* MoviesApp.app */;
			productType = "com.apple.product-type.application";
		};
/* End PBXNativeTarget section */

/* Begin PBXProject section */
		2D43BDCC264E81E100BC77EF /* Project object */ = {
			isa = PBXProject;
			attributes = {
				LastSwiftUpdateCheck = 1250;
				LastUpgradeCheck = 1250;
				TargetAttributes = {
					2D43BDD3264E81E100BC77EF = {
						CreatedOnToolsVersion = 12.5;
					};
				};
			};
			buildConfigurationList = 2D43BDCF264E81E100BC77EF /* Build configuration list for PBXProject "MoviesApp" */;
			compatibilityVersion = "Xcode 9.3";
			developmentRegion = en;
			hasScannedForEncodings = 0;
			knownRegions = (
				en,
				Base,
			);
			mainGroup = 2D43BDCB264E81E100BC77EF;
			packageReferences = (
				2D43BDEF2651444400BC77EF /* XCRemoteSwiftPackageReference "Kingfisher" */,
			);
			productRefGroup = 2D43BDD5264E81E100BC77EF /* Products */;
			projectDirPath = "";
			projectRoot = "";
			targets = (
				2D43BDD3264E81E100BC77EF /* MoviesApp */,
			);
		};
/* End PBXProject section */

/* Begin PBXResourcesBuildPhase section */
		2D43BDD2264E81E100BC77EF /* Resources */ = {
			isa = PBXResourcesBuildPhase;
			buildActionMask = 2147483647;
			files = (
				2D43BDDF264E81E100BC77EF /* Preview Assets.xcassets in Resources */,
				2D43BDDC264E81E100BC77EF /* Assets.xcassets in Resources */,
			);
			runOnlyForDeploymentPostprocessing = 0;
		};
/* End PBXResourcesBuildPhase section */

/* Begin PBXSourcesBuildPhase section */
		2D43BDD0264E81E100BC77EF /* Sources */ = {
			isa = PBXSourcesBuildPhase;
			buildActionMask = 2147483647;
			files = (
				2D43BDEB264FD23B00BC77EF /* PopularResult.swift in Sources */,
				2DFA6C6D2652CB1100A30BFD /* MovieDetailsView.swift in Sources */,
				2D43BDF92652C03D00BC77EF /* PopularMoviesViewModel.swift in Sources */,
				2D43BDDA264E81E100BC77EF /* ContentView.swift in Sources */,
				2D43BDF62652BEF100BC77EF /* MovieGridLayout.swift in Sources */,
				2D43BDFF2652C3DB00BC77EF /* MovieDetailsViewModel.swift in Sources */,
				2D43BDD8264E81E100BC77EF /* MoviesAppApp.swift in Sources */,
				2D43BDFB2652C09A00BC77EF /* InTheaterViewModel.swift in Sources */,
				2D43BDE7264FC9AB00BC77EF /* PupularMovies.swift in Sources */,
				2D43BDE9264FCF1400BC77EF /* Constants.swift in Sources */,
				2D43BDF32652AA0E00BC77EF /* MoviesInTheater.swift in Sources */,
				2D43BE012652C65B00BC77EF /* MovieDetails.swift in Sources */,
				2DFA6C6F265332A000A30BFD /* CheckFavorites.swift in Sources */,
			);
			runOnlyForDeploymentPostprocessing = 0;
		};
/* End PBXSourcesBuildPhase section */

/* Begin XCBuildConfiguration section */
		2D43BDE1264E81E100BC77EF /* Debug */ = {
			isa = XCBuildConfiguration;
			buildSettings = {
				ALWAYS_SEARCH_USER_PATHS = NO;
				CLANG_ANALYZER_NONNULL = YES;
				CLANG_ANALYZER_NUMBER_OBJECT_CONVERSION = YES_AGGRESSIVE;
				CLANG_CXX_LANGUAGE_STANDARD = "gnu++14";
				CLANG_CXX_LIBRARY = "libc++";
				CLANG_ENABLE_MODULES = YES;
				CLANG_ENABLE_OBJC_ARC = YES;
				CLANG_ENABLE_OBJC_WEAK = YES;
				CLANG_WARN_BLOCK_CAPTURE_AUTORELEASING = YES;
				CLANG_WARN_BOOL_CONVERSION = YES;
				CLANG_WARN_COMMA = YES;
				CLANG_WARN_CONSTANT_CONVERSION = YES;
				CLANG_WARN_DEPRECATED_OBJC_IMPLEMENTATIONS = YES;
				CLANG_WARN_DIRECT_OBJC_ISA_USAGE = YES_ERROR;
				CLANG_WARN_DOCUMENTATION_COMMENTS = YES;
				CLANG_WARN_EMPTY_BODY = YES;
				CLANG_WARN_ENUM_CONVERSION = YES;
				CLANG_WARN_INFINITE_RECURSION = YES;
				CLANG_WARN_INT_CONVERSION = YES;
				CLANG_WARN_NON_LITERAL_NULL_CONVERSION = YES;
				CLANG_WARN_OBJC_IMPLICIT_RETAIN_SELF = YES;
				CLANG_WARN_OBJC_LITERAL_CONVERSION = YES;
				CLANG_WARN_OBJC_ROOT_CLASS = YES_ERROR;
				CLANG_WARN_QUOTED_INCLUDE_IN_FRAMEWORK_HEADER = YES;
				CLANG_WARN_RANGE_LOOP_ANALYSIS = YES;
				CLANG_WARN_STRICT_PROTOTYPES = YES;
				CLANG_WARN_SUSPICIOUS_MOVE = YES;
				CLANG_WARN_UNGUARDED_AVAILABILITY = YES_AGGRESSIVE;
				CLANG_WARN_UNREACHABLE_CODE = YES;
				CLANG_WARN__DUPLICATE_METHOD_MATCH = YES;
				COPY_PHASE_STRIP = NO;
				DEBUG_INFORMATION_FORMAT = dwarf;
				ENABLE_STRICT_OBJC_MSGSEND = YES;
				ENABLE_TESTABILITY = YES;
				GCC_C_LANGUAGE_STANDARD = gnu11;
				GCC_DYNAMIC_NO_PIC = NO;
				GCC_NO_COMMON_BLOCKS = YES;
				GCC_OPTIMIZATION_LEVEL = 0;
				GCC_PREPROCESSOR_DEFINITIONS = (
					"DEBUG=1",
					"$(inherited)",
				);
				GCC_WARN_64_TO_32_BIT_CONVERSION = YES;
				GCC_WARN_ABOUT_RETURN_TYPE = YES_ERROR;
				GCC_WARN_UNDECLARED_SELECTOR = YES;
				GCC_WARN_UNINITIALIZED_AUTOS = YES_AGGRESSIVE;
				GCC_WARN_UNUSED_FUNCTION = YES;
				GCC_WARN_UNUSED_VARIABLE = YES;
				IPHONEOS_DEPLOYMENT_TARGET = 14.5;
				MTL_ENABLE_DEBUG_INFO = INCLUDE_SOURCE;
				MTL_FAST_MATH = YES;
				ONLY_ACTIVE_ARCH = YES;
				SDKROOT = iphoneos;
				SWIFT_ACTIVE_COMPILATION_CONDITIONS = DEBUG;
				SWIFT_OPTIMIZATION_LEVEL = "-Onone";
			};
			name = Debug;
		};
		2D43BDE2264E81E100BC77EF /* Release */ = {
			isa = XCBuildConfiguration;
			buildSettings = {
				ALWAYS_SEARCH_USER_PATHS = NO;
				CLANG_ANALYZER_NONNULL = YES;
				CLANG_ANALYZER_NUMBER_OBJECT_CONVERSION = YES_AGGRESSIVE;
				CLANG_CXX_LANGUAGE_STANDARD = "gnu++14";
				CLANG_CXX_LIBRARY = "libc++";
				CLANG_ENABLE_MODULES = YES;
				CLANG_ENABLE_OBJC_ARC = YES;
				CLANG_ENABLE_OBJC_WEAK = YES;
				CLANG_WARN_BLOCK_CAPTURE_AUTORELEASING = YES;
				CLANG_WARN_BOOL_CONVERSION = YES;
				CLANG_WARN_COMMA = YES;
				CLANG_WARN_CONSTANT_CONVERSION = YES;
				CLANG_WARN_DEPRECATED_OBJC_IMPLEMENTATIONS = YES;
				CLANG_WARN_DIRECT_OBJC_ISA_USAGE = YES_ERROR;
				CLANG_WARN_DOCUMENTATION_COMMENTS = YES;
				CLANG_WARN_EMPTY_BODY = YES;
				CLANG_WARN_ENUM_CONVERSION = YES;
				CLANG_WARN_INFINITE_RECURSION = YES;
				CLANG_WARN_INT_CONVERSION = YES;
				CLANG_WARN_NON_LITERAL_NULL_CONVERSION = YES;
				CLANG_WARN_OBJC_IMPLICIT_RETAIN_SELF = YES;
				CLANG_WARN_OBJC_LITERAL_CONVERSION = YES;
				CLANG_WARN_OBJC_ROOT_CLASS = YES_ERROR;
				CLANG_WARN_QUOTED_INCLUDE_IN_FRAMEWORK_HEADER = YES;
				CLANG_WARN_RANGE_LOOP_ANALYSIS = YES;
				CLANG_WARN_STRICT_PROTOTYPES = YES;
				CLANG_WARN_SUSPICIOUS_MOVE = YES;
				CLANG_WARN_UNGUARDED_AVAILABILITY = YES_AGGRESSIVE;
				CLANG_WARN_UNREACHABLE_CODE = YES;
				CLANG_WARN__DUPLICATE_METHOD_MATCH = YES;
				COPY_PHASE_STRIP = NO;
				DEBUG_INFORMATION_FORMAT = "dwarf-with-dsym";
				ENABLE_NS_ASSERTIONS = NO;
				ENABLE_STRICT_OBJC_MSGSEND = YES;
				GCC_C_LANGUAGE_STANDARD = gnu11;
				GCC_NO_COMMON_BLOCKS = YES;
				GCC_WARN_64_TO_32_BIT_CONVERSION = YES;
				GCC_WARN_ABOUT_RETURN_TYPE = YES_ERROR;
				GCC_WARN_UNDECLARED_SELECTOR = YES;
				GCC_WARN_UNINITIALIZED_AUTOS = YES_AGGRESSIVE;
				GCC_WARN_UNUSED_FUNCTION = YES;
				GCC_WARN_UNUSED_VARIABLE = YES;
				IPHONEOS_DEPLOYMENT_TARGET = 14.5;
				MTL_ENABLE_DEBUG_INFO = NO;
				MTL_FAST_MATH = YES;
				SDKROOT = iphoneos;
				SWIFT_COMPILATION_MODE = wholemodule;
				SWIFT_OPTIMIZATION_LEVEL = "-O";
				VALIDATE_PRODUCT = YES;
			};
			name = Release;
		};
		2D43BDE4264E81E100BC77EF /* Debug */ = {
			isa = XCBuildConfiguration;
			buildSettings = {
				ASSETCATALOG_COMPILER_APPICON_NAME = AppIcon;
				ASSETCATALOG_COMPILER_GLOBAL_ACCENT_COLOR_NAME = AccentColor;
				CODE_SIGN_STYLE = Automatic;
				DEVELOPMENT_ASSET_PATHS = "\"MoviesApp/Preview Content\"";
				DEVELOPMENT_TEAM = 4SU8279Z9B;
				ENABLE_PREVIEWS = YES;
				INFOPLIST_FILE = MoviesApp/Info.plist;
				IPHONEOS_DEPLOYMENT_TARGET = 14.0;
				LD_RUNPATH_SEARCH_PATHS = (
					"$(inherited)",
					"@executable_path/Frameworks",
				);
				PRODUCT_BUNDLE_IDENTIFIER = com.steigoldiay.MoviesApp;
				PRODUCT_NAME = "$(TARGET_NAME)";
				SWIFT_VERSION = 5.0;
				TARGETED_DEVICE_FAMILY = "1,2";
			};
			name = Debug;
		};
		2D43BDE5264E81E100BC77EF /* Release */ = {
			isa = XCBuildConfiguration;
			buildSettings = {
				ASSETCATALOG_COMPILER_APPICON_NAME = AppIcon;
				ASSETCATALOG_COMPILER_GLOBAL_ACCENT_COLOR_NAME = AccentColor;
				CODE_SIGN_STYLE = Automatic;
				DEVELOPMENT_ASSET_PATHS = "\"MoviesApp/Preview Content\"";
				DEVELOPMENT_TEAM = 4SU8279Z9B;
				ENABLE_PREVIEWS = YES;
				INFOPLIST_FILE = MoviesApp/Info.plist;
				IPHONEOS_DEPLOYMENT_TARGET = 14.0;
				LD_RUNPATH_SEARCH_PATHS = (
					"$(inherited)",
					"@executable_path/Frameworks",
				);
				PRODUCT_BUNDLE_IDENTIFIER = com.steigoldiay.MoviesApp;
				PRODUCT_NAME = "$(TARGET_NAME)";
				SWIFT_VERSION = 5.0;
				TARGETED_DEVICE_FAMILY = "1,2";
			};
			name = Release;
		};
/* End XCBuildConfiguration section */

/* Begin XCConfigurationList section */
		2D43BDCF264E81E100BC77EF /* Build configuration list for PBXProject "MoviesApp" */ = {
			isa = XCConfigurationList;
			buildConfigurations = (
				2D43BDE1264E81E100BC77EF /* Debug */,
				2D43BDE2264E81E100BC77EF /* Release */,
			);
			defaultConfigurationIsVisible = 0;
			defaultConfigurationName = Release;
		};
		2D43BDE3264E81E100BC77EF /* Build configuration list for PBXNativeTarget "MoviesApp" */ = {
			isa = XCConfigurationList;
			buildConfigurations = (
				2D43BDE4264E81E100BC77EF /* Debug */,
				2D43BDE5264E81E100BC77EF /* Release */,
			);
			defaultConfigurationIsVisible = 0;
			defaultConfigurationName = Release;
		};
/* End XCConfigurationList section */

/* Begin XCRemoteSwiftPackageReference section */
		2D43BDEF2651444400BC77EF /* XCRemoteSwiftPackageReference "Kingfisher" */ = {
			isa = XCRemoteSwiftPackageReference;
			repositoryURL = "https://github.com/onevcat/Kingfisher";
			requirement = {
				kind = upToNextMajorVersion;
				minimumVersion = 6.3.0;
			};
		};
/* End XCRemoteSwiftPackageReference section */

/* Begin XCSwiftPackageProductDependency section */
		2D43BDF02651444400BC77EF /* Kingfisher */ = {
			isa = XCSwiftPackageProductDependency;
			package = 2D43BDEF2651444400BC77EF /* XCRemoteSwiftPackageReference "Kingfisher" */;
			productName = Kingfisher;
		};
/* End XCSwiftPackageProductDependency section */
	};
	rootObject = 2D43BDCC264E81E100BC77EF /* Project object */;
}
